lockfileVersion: '9.0'

settings:
  autoInstallPeers: true
  excludeLinksFromLockfile: false

importers:

  .:
    devDependencies:
      '@firebase/rules-unit-testing':
        specifier: ^5.0.1
        version: 5.0.1(firebase@12.17.1)
      firebase:
        specifier: ^12.17.1
        version: 12.17.1

packages:

  '@firebase/ai@2.14.0':
    resolution: {integrity: sha512-TYEQqCQUTyVHuG/HVi9vau6F9kvEaS49o/hmdn/yUuN6ZXQkwIml2nNJTIBfjNl/r9LOxwUNILgcOY16nxObug==}
    engines: {node: '>=20.0.0'}
    peerDependencies:
      '@firebase/app': 0.x
      '@firebase/app-types': 0.x

  '@firebase/analytics-compat@0.2.29':
    resolution: {integrity: sha512-allztvCvCUlItZzD97TiRAtGoFJzR1FQFmLxbaLc6PvgscqD9cl5NdKPTtka6keShVYXvCZJpzWcRoH4TME8rw==}
    peerDependencies:
      '@firebase/app': 0.x
      '@firebase/app-compat': 0.x

  '@firebase/analytics-types@0.8.4':
    resolution: {integrity: sha512-zQ+XTgkwH6CY/eUSHJRP7e4LxM30RCxlCmob5sy2axs25GE3Ny0XdgpDscMTHHQIGqWkxPXad4w2Mw9sCgT8zQ==}

  '@firebase/analytics@0.10.23':
    resolution: {integrity: sha512-34ALWXzWA6PTRUA5hipZmsm1RKzeecw5J1+qTCXsiMzwLqONC+GuTIQSdmm91MmTAEA+wG1Q5t0IFahcYQOqAA==}
    peerDependencies:
      '@firebase/app': 0.x

  '@firebase/app-check-compat@0.4.6':
    resolution: {integrity: sha512-2pzNEZEkX84jSqy6TH6FI1HSLA1lc7kakRUybBbKjg9YhIttPlW/XX3N9CDtChji2PTTPWVPZiWhB10exHfA+A==}
    engines: {node: '>=20.0.0'}
    peerDependencies:
      '@firebase/app': 0.x
      '@firebase/app-compat': 0.x

  '@firebase/app-check-interop-types@0.3.4':
    resolution: {integrity: sha512-zz3i6e13B8BfWiLy8MABtTh8aGIACgKbf9UVnyHcWs+yQzJXgQcl8A46b0zfaiJHdQ+niF0ouAfcpuf+3LMPQg==}

  '@firebase/app-check-types@0.5.4':
    resolution: {integrity: sha512-xV7JsIyzVr15aA7f3Pi0rB9gdBuVubs89FGA8VkRYA4g0l78poADgdfrScgf7NndSg9mm7cR7PJyY0+t22KaGw==}

  '@firebase/app-check@0.13.0':
    resolution: {integrity: sha512-AbMttBKazQvGVXBZhQdVAdPzRhwHyJAY3Ghu5y2C7IZKIDIppzNYz0shTZ1mP4FBJa+28BuC4t+5h1Q6pT3Asg==}
    engines: {node: '>=20.0.0'}
    peerDependencies:
      '@firebase/app': 0.x

  '@firebase/app-compat@0.5.16':
    resolution: {integrity: sha512-shQq37O8qELDzvsVwYPlDXwD1zlcrZ0m2bpBF5ov2HSbY8x+AHsnL5TtJ2e1JAfkQN05qHao1AfabS69PN6GiA==}
    engines: {node: '>=20.0.0'}

  '@firebase/app-types@0.9.5':
    resolution: {integrity: sha512-YevqTjvo7Iujsa9Dwowmd6dSoElhzmD63ZSrq6bzjvQ6POjYgNjOFHLmNIgJs48eNO093NCERibuFnxbfOvU7A==}

  '@firebase/app@0.16.0':
    resolution: {integrity: sha512-G+ZGEyVP8YTb3ay6A+XpcYgFH3sTESHcnHU/EyTktodqhz2BHkLq+QEP7IVwjiMX0cxYwpVKip0/wC0KZcn9vQ==}
    engines: {node: '>=20.0.0'}

  '@firebase/auth-compat@0.6.9':
    resolution: {integrity: sha512-/hHeTBmQ61+N5J1RECls+WfskZTY78JXr7aO5EMOfUpqJvDqvoS+568k0rp6Ss/4UWwBjadILs+H+SGy1zCS3A==}
    engines: {node: '>=20.0.0'}
    peerDependencies:
      '@firebase/app': 0.x
      '@firebase/app-compat': 0.x

  '@firebase/auth-interop-types@0.2.5':
    resolution: {integrity: sha512-1Li/YuBDBAXcKv7BzY4U28gontUmAaw53sYiqbaVOMCFb2lFKK/c3CGMUWqtwe7+TXrl3poWnTCL5umYBg85Eg==}

  '@firebase/auth-types@0.13.1':
    resolution: {integrity: sha512-0c1Mnid0uMDfGJHeUS4zfvBa4/CedJXotGy/n/NZJnBjwiJawt0ZYU+wH2VAVLiRCEfG2ncCkAX3yd1/2nrB7g==}
    peerDependencies:
      '@firebase/app-types': 0.x
      '@firebase/util': 1.x

  '@firebase/auth@1.13.4':
    resolution: {integrity: sha512-s+NS1aV0DDyyfoIMeSz53HXnVTv7ufJjJfrP63XyaWHweJ5vOoxKWrTm5tO7S7PDqvyOa/Wi3oP0dgAo6JTMMA==}
    engines: {node: '>=20.0.0'}
    peerDependencies:
      '@firebase/app': 0.x
      '@react-native-async-storage/async-storage': ^2.2.0 || ^3.0.0
    peerDependenciesMeta:
      '@react-native-async-storage/async-storage':
        optional: true

  '@firebase/component@0.7.4':
    resolution: {integrity: sha512-tLpOaaCol9ugUIYp2R3CbWPPA8Ajg/papX/XHEy8U52b/QXH3BbX8tTJX9aShDCjp+9sMAxMLD94i7lresdugQ==}
    engines: {node: '>=20.0.0'}

  '@firebase/data-connect@0.7.3':
    resolution: {integrity: sha512-nHBFk3Ntl+NZCRIUG2d5j7I69P0otjyQ/duhVKLbw4+5cNke/F6RK1pdE5Jnf831/QOTs2Bd00LlxlZ+jNsb9w==}
    peerDependencies:
      '@firebase/app': 0.x

  '@firebase/database-compat@2.1.6':
    resolution: {integrity: sha512-mu7S/75UIajB1A5M9Vfojk69LttW55uABp9nHEtWrV/mIaSEwvoaIe9GySsEzS2EKFK5/3f5okcAuUbihhYeJg==}
    engines: {node: '>=20.0.0'}
    peerDependencies:
      '@firebase/app': 0.x
      '@firebase/app-compat': 0.x
    peerDependenciesMeta:
      '@firebase/app':
        optional: true
      '@firebase/app-compat':
        optional: true

  '@firebase/database-types@1.0.21':
    resolution: {integrity: sha512-SX1jUqhttKgg/m9dYRTvqU9QvucBooziWfA986r4cpsbi4zlsvewe424j3Vpduwd6DG1MSAMfBVT2VqA61FnkA==}

  '@firebase/database@1.1.4':
    resolution: {integrity: sha512-D+j4+8uhGtNd1tVD+X+c8JrC4ppStGJKyujSQt2NPwdN26QcCk0BeIxue+UqspHkHiFHyQOimwlzjLewGq6S+A==}
    engines: {node: '>=20.0.0'}

  '@firebase/firestore-compat@0.4.12':
    resolution: {integrity: sha512-k2uX81Ao/S0jnFcWGPOQpKK1cPlJHvD9WIqh/RE1XBDP2yg5zhE4rHhSg1rtB11k39q3nKon9XLNDDrPjGclag==}
    engines: {node: '>=20.0.0'}
    peerDependencies:
      '@firebase/app': 0.x
      '@firebase/app-compat': 0.x

  '@firebase/firestore-types@3.0.4':
    resolution: {integrity: sha512-jGn+JSS4X9zZsrfu7Yw66v5YRdOLD1oyQh4USR0xWl4CUqV/DA6bNIXRPpxH/cUl3iVTNiP6MN7g+EL42A4qfA==}
    peerDependencies:
      '@firebase/app-types': 0.x
      '@firebase/util': 1.x

  '@firebase/firestore@4.17.0':
    resolution: {integrity: sha512-P9tof6pyO1bnLlMWbux+5O7WFJqlb7OTPMKxxOiXKYiQl7mxykAvxr1BFCgWeEXUU7DZxQncyJ040B0IhFVZCg==}
    engines: {node: '>=20.0.0'}
    peerDependencies:
      '@firebase/app': 0.x

  '@firebase/functions-compat@0.4.6':
    resolution: {integrity: sha512-dj9sOet+FIU91jeU4A3vGJoXHty7NqkSfjRLCwLgJXPDk1m72KFuxD3nlFgw/yXx/Fr7UjqzbxZ0LrIOdpx7+w==}
    engines: {node: '>=20.0.0'}
    peerDependencies:
      '@firebase/app': 0.x
      '@firebase/app-compat': 0.x

  '@firebase/functions-types@0.6.4':
    resolution: {integrity: sha512-zV6kgqtduR4rUAdC/ilS7kmb93XD7bEZoJDlVBZqlOw2uGGGCNBQBuleww2rr0Ulr3L9o2TDjumEt68/l1f9DQ==}

  '@firebase/functions@0.13.6':
    resolution: {integrity: sha512-9obLnzeQUivK5lmtGFOU2ucQ38BjTp+jpPtbfFp/mDsdVCvEpRqdWNvMMQ6aQwR4vcVc/utsvngm5BRkXbc7ZA==}
    engines: {node: '>=20.0.0'}
    peerDependencies:
      '@firebase/app': 0.x

  '@firebase/installations-compat@0.2.23':
    resolution: {integrity: sha512-isaXmjb9roM83eVeXAe+ZRNKYNsSo2s0aNM+cy04AAGEyVL/d8Aa11GwEXovRFeYjl9+1yRAOxRDTOukZRwTxA==}
    peerDependencies:
      '@firebase/app': 0.x
      '@firebase/app-compat': 0.x

  '@firebase/installations-types@0.5.4':
    resolution: {integrity: sha512-U2eFapdHwjb43Vx9o+Pmj4dFfvcHEK1IirEFLqMtWrTHvmdrS3gBpBD1kmJk/9HjsOtoHZxJ2Paoe79e+L1ZPg==}
    peerDependencies:
      '@firebase/app-types': 0.x

  '@firebase/installations@0.6.23':
    resolution: {integrity: sha512-MBkbcQfd+3qHjW+slsH4s7jH5qTdGlYpwqmxEZ7QcIpgDxu1SKyU0f+mCZhCt1BCacLNiOWF5L0R06N0LtlfMg==}
    peerDependencies:
      '@firebase/app': 0.x

  '@firebase/logger@0.5.1':
    resolution: {integrity: sha512-vZKLsqE1ABOy8OjQiE7cUTFn4gvaqlk88yp8N94Pk/sDpq61YqZGqmVFZTvOyflTwuYFcWirBdYGoJgbDaXKYQ==}
    engines: {node: '>=20.0.0'}

  '@firebase/messaging-compat@0.2.28':
    resolution: {integrity: sha512-/AmMqHRnSQhPsdeED3ocs+s30/tpFvZDiiwIYY2uXFRvLujo1fnbPOeCFoe4Y+dRy1LCSjpvJf+dy5ZTsxi1yg==}
    peerDependencies:
      '@firebase/app': 0.x
      '@firebase/app-compat': 0.x

  '@firebase/messaging-interop-types@0.2.5':
    resolution: {integrity: sha512-tUEKnaAP2Y/MNIqgnriPpV6e5l13Vs/+p2yrd6NGlncPJT9O3a8muYZtdnWe+IJ4fgKLHJVC79n/asxk/N5Msw==}

  '@firebase/messaging@0.13.1':
    resolution: {integrity: sha512-kL8fdjbNBI7hprlXJrUjktDWosrpT4JtfwXtVVevImPF/rBRAsC+LS/jIs+kgQVuotnvMhaBCgAFipBoY9YU9g==}
    peerDependencies:
      '@firebase/app': 0.x

  '@firebase/performance-compat@0.2.26':
    resolution: {integrity: sha512-jgoocXLN6ao26xWQ8pzosmzQ33uLzGBJQPNK0NTbVy1XvIHr5pfgBf9hWLOxsWe+R7sJq5bjD+8ybXprmt61mA==}
    peerDependencies:
      '@firebase/app': 0.x
      '@firebase/app-compat': 0.x

  '@firebase/performance-types@0.2.4':
    resolution: {integrity: sha512-kJSEk7b0uhpcPRyL4SQ/GPujLqk52XNKcXlnsKDbWGAb9vugcLvOU3u6zfEdwd+d8hWJb5S5ZizV1JFFI0nkKg==}

  '@firebase/performance@0.7.13':
    resolution: {integrity: sha512-1u6fuXP9cj0s+lkTFAspr/ttfPebPbEdpx+5Wdr4mPZbp8qH2KCMxOddEAR1ZMRa5GI0E7hDYSnolEmbqOFOAg==}
    peerDependencies:
      '@firebase/app': 0.x

  '@firebase/remote-config-compat@0.2.28':
    resolution: {integrity: sha512-kEO9Gn6fbmVj7eNUtZ6d59mLgUDUD0qo7aCicGOWNfuRWTaUv3CF9DMYychO61zaEQ3cfA+CEny4V1E8A1gRGA==}
    peerDependencies:
      '@firebase/app': 0.x
      '@firebase/app-compat': 0.x

  '@firebase/remote-config-types@0.5.1':
    resolution: {integrity: sha512-cX/1LT6KQwkXzck2eSzeKnuvXZCyr8qaPpDcikoJs7jmI+oBOXixpDLeDtWj1U6GNMkIoXrEDNoyT2Ypcyp5/A==}

  '@firebase/remote-config@0.9.1':
    resolution: {integrity: sha512-nzQUSJnk1zAZEl2Q5O3I7Z61cYLK5JI4H6wyyOiHkVZ+bmgy1YXNNMptNbVjixMQ/eCzgA6nZRaC+1eBcJGUFA==}
    peerDependencies:
      '@firebase/app': 0.x

  '@firebase/rules-unit-testing@5.0.1':
    resolution: {integrity: sha512-EvbxUvgoY2cG7vgtdhKc7gjalKzeO3AWr2NiUuyEEmcXaSaOJanV3hXLj3Viigs+Y/jFYQmtVPpSoiwUs/ZlPg==}
    engines: {node: '>=20.0.0'}
    peerDependencies:
      firebase: ^12.0.0

  '@firebase/storage-compat@0.4.4':
    resolution: {integrity: sha512-qSRgCB9f2R/nCp8t/8OC101cIFBFeUazlRInOMdzbnLzvrQBzEfx19SrR4pvdj/0+M+P/y8AK/a2s+3EB+B1Pw==}
    engines: {node: '>=20.0.0'}
    peerDependencies:
      '@firebase/app': 0.x
      '@firebase/app-compat': 0.x

  '@firebase/storage-types@0.8.4':
    resolution: {integrity: sha512-BT7cwxJOx8SWwlQfrlC+bD/Sk3Cw+1odCi8UZNFNWTVZoPsBnA5W+mqtZzVnvsdJpXCFGSGQ7R7vOR6dtM/BRA==}
    peerDependencies:
      '@firebase/app-types': 0.x
      '@firebase/util': 1.x

  '@firebase/storage@0.14.4':
    resolution: {integrity: sha512-jfzEWZb3Fpsq3FwAB2ifoc8mcSh935qXdDou3TpyjDWa45hhNcZUv8/w28/10njByhfK7snbakKN30nwnzQ3/w==}
    engines: {node: '>=20.0.0'}
    peerDependencies:
      '@firebase/app': 0.x

  '@firebase/util@1.15.2':
    resolution: {integrity: sha512-974pWIZVLDMc5GW5YAsj8y0XxULxIy/sPUy7tsxmWbF93KRIyh9xpuHlh0zDL+shUcf5nHDjFOg9YLiQ763eiA==}
    engines: {node: '>=20.0.0'}

  '@firebase/webchannel-wrapper@1.0.6':
    resolution: {integrity: sha512-Vr/Mqu79dMwGRAyGbJ4uN4+BtXB3/mRTdzetD1daWNeG8QaWuzhhbG77GltO5c0yYmYls8i250iX73624GJd7Q==}

  '@grpc/grpc-js@1.9.16':
    resolution: {integrity: sha512-wE4Ut/olIzfKqp631XrG+wbF0v1vWFN4YL9FyXC2LJiG33DsV7PLzURjrCvY/6je2ntdRkeLpPDluzSRGaVltQ==}
    engines: {node: ^8.13.0 || >=10.10.0}

  '@grpc/proto-loader@0.7.15':
    resolution: {integrity: sha512-tMXdRCfYVixjuFK+Hk0Q1s38gV9zDiDJfWL3h1rv4Qc39oILCu1TRTDt7+fGUI8K4G1Fj125Hx/ru3azECWTyQ==}
    engines: {node: '>=6'}
    hasBin: true

  '@protobufjs/aspromise@1.1.2':
    resolution: {integrity: sha512-j+gKExEuLmKwvz3OgROXtrJ2UG2x8Ch2YZUxahh+s1F2HZ+wAceUNLkvy6zKCPVRkU++ZWQrdxsUeQXmcg4uoQ==}

  '@protobufjs/base64@1.1.2':
    resolution: {integrity: sha512-AZkcAA5vnN/v4PDqKyMR5lx7hZttPDgClv83E//FMNhR2TMcLUhfRUBHCmSl0oi9zMgDDqRUJkSxO3wm85+XLg==}

  '@protobufjs/codegen@2.0.5':
    resolution: {integrity: sha512-zgXFLzW3Ap33e6d0Wlj4MGIm6Ce8O89n/apUaGNB/jx+hw+ruWEp7EwGUshdLKVRCxZW12fp9r40E1mQrf/34g==}

  '@protobufjs/eventemitter@1.1.1':
    resolution: {integrity: sha512-vW1GmwMZNnL+gMRaovlh9yZX74kc+TTU3FObkkurpMaRtBfLP3ldjS9KQWlwZgraRE0+dheEEoAxdzcJQ8eXZg==}

  '@protobufjs/fetch@1.1.1':
    resolution: {integrity: sha512-GpptLrs57adMSuHi3VNj0mAF8dwh36LMaYF6XyJ6JMWlVsc+t42tm1HSEDmOs3A8fC9yyeisgLhsTVQokOZ0zw==}

  '@protobufjs/float@1.0.2':
    resolution: {integrity: sha512-Ddb+kVXlXst9d+R9PfTIxh1EdNkgoRe5tOX6t01f1lYWOvJnSPDBlG241QLzcyPdoNTsblLUdujGSE4RzrTZGQ==}

  '@protobufjs/path@1.1.2':
    resolution: {integrity: sha512-6JOcJ5Tm08dOHAbdR3GrvP+yUUfkjG5ePsHYczMFLq3ZmMkAD98cDgcT2iA1lJ9NVwFd4tH/iSSoe44YWkltEA==}

  '@protobufjs/pool@1.1.0':
    resolution: {integrity: sha512-0kELaGSIDBKvcgS4zkjz1PeddatrjYcmMWOlAuAPwAeccUrPHdUqo/J6LiymHHEiJT5NrF1UVwxY14f+fy4WQw==}

  '@protobufjs/utf8@1.1.2':
    resolution: {integrity: sha512-b1UQwcEZ4yCnMCD8DAL1VlbvBJE9/IX4FTIp7BG1xYpf29SLazLSrqUkj4w7Y5y7cCVP6E5tcqqcI0xemPkHug==}

  '@types/node@26.2.0':
    resolution: {integrity: sha512-5IviulTZeRNp2vAJ514cc/HUlY5nZ9fCbq9DMyC52BrhFZACo3nI0R7qBxhQmo/d27NFe96ur/b7Wwxklda+kg==}

  ansi-regex@5.0.1:
    resolution: {integrity: sha512-quJQXlTSUGL2LH9SUXo8VwsY4soanhgo6LNSm84E1LBcE8s3O0wpdiRzyR9z/ZZJMlMWv37qOOb9pdJlMUEKFQ==}
    engines: {node: '>=8'}

  ansi-styles@4.3.0:
    resolution: {integrity: sha512-zbB9rCJAT1rbjiVDb2hqKFHNYLxgtk8NURxZ3IZwD3F6NtxbXZQCnnSi1Lkx+IDohdPlFp222wVALIheZJQSEg==}
    engines: {node: '>=8'}

  cliui@8.0.1:
    resolution: {integrity: sha512-BSeNnyus75C4//NQ9gQt1/csTXyo/8Sb+afLAkzAptFuMsod9HFokGNudZpi/oQV73hnVK+sR+5PVRMd+Dr7YQ==}
    engines: {node: '>=12'}

  color-convert@2.0.1:
    resolution: {integrity: sha512-RRECPsj7iu/xb5oKYcsFHSppFNnsj/52OVTRKb4zP5onXwVF3zVmmToNcOfGC+CRDpfK/U584fMg38ZHCaElKQ==}
    engines: {node: '>=7.0.0'}

  color-name@1.1.4:
    resolution: {integrity: sha512-dOy+3AuW3a2wNbZHIuMZpTcgjGuLU/uBL/ubcZF9OXbDo8ff4O8yVp5Bf0efS8uEoYo5q4Fx7dY9OgQGXgAsQA==}

  emoji-regex@8.0.0:
    resolution: {integrity: sha512-MSjYzcWNOA0ewAHpz0MxpYFvwg6yjy1NG3xteoqz644VCo/RPgnr1/GGt+ic3iJTzQ8Eu3TdM14SawnVUmGE6A==}

  escalade@3.2.0:
    resolution: {integrity: sha512-WUj2qlxaQtO4g6Pq5c29GTcWGDyd8itL8zTlipgECz3JesAiiOKotd8JU6otB3PACgG6xkJUyVhboMS+bje/jA==}
    engines: {node: '>=6'}

  faye-websocket@0.11.4:
    resolution: {integrity: sha512-CzbClwlXAuiRQAlUyfqPgvPoNKTckTPGfwZV4ZdAhVcP2lh9KUxJg2b5GkE7XbjKQ3YJnQ9z6D9ntLAlB+tP8g==}
    engines: {node: '>=0.8.0'}

  firebase@12.17.1:
    resolution: {integrity: sha512-dhp41ye9jMQvhx5FwjMkf/hjDHJApl7gXmvzOZGvP0M7c/GZGUnQ4qvsvlOBkF0Pa7wAwHMdcpL0ON2pXCQ4Sw==}

  get-caller-file@2.0.5:
    resolution: {integrity: sha512-DyFP3BM/3YHTQOCUL/w0OZHR0lpKeGrxotcHWcqNEdnltqFwXVfhEBQ94eIo34AfQpo0rGki4cyIiftY06h2Fg==}
    engines: {node: 6.* || 8.* || >= 10.*}

  http-parser-js@0.5.10:
    resolution: {integrity: sha512-Pysuw9XpUq5dVc/2SMHpuTY01RFl8fttgcyunjL7eEMhGM3cI4eOmiCycJDVCo/7O7ClfQD3SaI6ftDzqOXYMA==}

  idb@7.1.1:
    resolution: {integrity: sha512-gchesWBzyvGHRO9W8tzUWFDycow5gwjvFKfyV9FF32Y7F50yZMp7mP+T2mJIWFx49zicqyC4uefHM17o6xKIVQ==}

  is-fullwidth-code-point@3.0.0:
    resolution: {integrity: sha512-zymm5+u+sCsSWyD9qNaejV3DFvhCKclKdizYaJUuHA83RLjb7nSuGnddCHGv0hk+KY7BMAlsWeK4Ueg6EV6XQg==}
    engines: {node: '>=8'}

  lodash.camelcase@4.3.0:
    resolution: {integrity: sha512-TwuEnCnxbc3rAvhf/LbG7tJUDzhqXyFnv3dtzLOPgCG/hODL7WFnsbwktkD7yUV0RrreP/l1PALq/YSg6VvjlA==}

  long@5.3.2:
    resolution: {integrity: sha512-mNAgZ1GmyNhD7AuqnTG3/VQ26o760+ZYBPKjPvugO8+nLbYfX6TVpJPseBvopbdY+qpZ/lKUnmEc1LeZYS3QAA==}

  protobufjs@7.6.5:
    resolution: {integrity: sha512-/FPD0nUc9jH6rfFjji9IBqOz4pcSE3CsT1m7Ep6Mdb0LxSUMj8hgl6GomOvZzpNpAqqGaXA0P3VSrZLFzIhQrw==}
    engines: {node: '>=12.0.0'}

  re2js@2.8.6:
    resolution: {integrity: sha512-xLgQil4kIUCrAzVk9fRSkxkFNwmygLFjVxXrLc65aE1F0+Zsb8rxumFBy4XKyvgMCTL6kilDq3EZ0piE2dP/Dg==}
    engines: {node: '>=18.0.0'}

  require-directory@2.1.1:
    resolution: {integrity: sha512-fGxEI7+wsG9xrvdjsrlmL22OMTTiHRwAMroiEeMgq8gzoLC/PQr7RsRDSTLUg/bZAZtF+TVIkHc6/4RIKrui+Q==}
    engines: {node: '>=0.10.0'}

  safe-buffer@5.2.1:
    resolution: {integrity: sha512-rp3So07KcdmmKbGvgaNxQSJr7bGVSVk5S9Eq1F+ppbRo70+YeaDxkw5Dd8NPN+GD6bjnYm2VuPuCXmpuYvmCXQ==}

  string-width@4.2.3:
    resolution: {integrity: sha512-wKyQRQpjJ0sIp62ErSZdGsjMJWsap5oRNihHhu6G7JVO/9jIB6UyevL+tXuOqrng8j/cxKTWyWUwvSTriiZz/g==}
    engines: {node: '>=8'}

  strip-ansi@6.0.1:
    resolution: {integrity: sha512-Y38VPSHcqkFrCpFnQ9vuSXmquuv5oXOKpGeT6aGrr3o3Gc9AlVa6JBfUSOCnbxGGZF+/0ooI7KrPuUSztUdU5A==}
    engines: {node: '>=8'}

  tslib@2.8.1:
    resolution: {integrity: sha512-oJFu94HQb+KVduSUQL7wnpmqnfmLsOA/nAh6b6EH0wCEoK0/mPeXU6c3wKDV83MkOuHPRHtSXKKU99IBazS/2w==}

  undici-types@8.3.0:
    resolution: {integrity: sha512-j375ScV60dom+YkPFIfTLcOiPxkN/buHz5GobjLhixFuANaNs3C9l4GmrWqejgXWJ7BbJcFYpTEUkS1Ge8bpZQ==}

  web-vitals@4.2.4:
    resolution: {integrity: sha512-r4DIlprAGwJ7YM11VZp4R884m0Vmgr6EAKe3P+kO0PPj3Unqyvv59rczf6UiGcb9Z8QxZVcqKNwv/g0WNdWwsw==}

  websocket-driver@0.7.5:
    resolution: {integrity: sha512-ZL2+3c7kMBdIRCMz6l8jQMHyGVxj+UL+xVk74Ombiciboca8rHa15L86B19E5oh1pL9Ii/uj54gtsIrZGMo6zA==}
    engines: {node: '>=0.8.0'}

  websocket-extensions@0.1.4:
    resolution: {integrity: sha512-OqedPIGOfsDlo31UNwYbCFMSaO9m9G/0faIHj5/dZFDMFqPTcx6UwqyOy3COEaEOg/9VsGIpdqn62W5KhoKSpg==}
    engines: {node: '>=0.8.0'}

  wrap-ansi@7.0.0:
    resolution: {integrity: sha512-YVGIj2kamLSTxw6NsZjoBxfSwsn0ycdesmc4p+Q21c5zPuZ1pl+NfxVdxPtdHvmNVOQ6XSYG4AUtyt/Fi7D16Q==}
    engines: {node: '>=10'}

  y18n@5.0.8:
    resolution: {integrity: sha512-0pfFzegeDWJHJIAmTLRP2DwHjdF5s7jo9tuztdQxAhINCdvS+3nGINqPd00AphqJR/0LhANUS6/+7SCb98YOfA==}
    engines: {node: '>=10'}

  yargs-parser@21.1.1:
    resolution: {integrity: sha512-tVpsJW7DdjecAiFpbIB1e3qxIQsE6NoPc5/eTdrbbIC4h0LVsWhnoa3g+m2HclBIujHzsxZ4VJVA+GUuc2/LBw==}
    engines: {node: '>=12'}

  yargs@17.7.3:
    resolution: {integrity: sha512-GZtjxm/J/4TSxuL3FNYjCmLktBTnIw/rVmKSIyKeYAZpmJB2ig9VauCC5xsa82GNKVKDAqpOn3KVzNt0zmrU0g==}
    engines: {node: '>=12'}

snapshots:

  '@firebase/ai@2.14.0(@firebase/app-types@0.9.5)(@firebase/app@0.16.0)':
    dependencies:
      '@firebase/app': 0.16.0
      '@firebase/app-check-interop-types': 0.3.4
      '@firebase/app-types': 0.9.5
      '@firebase/component': 0.7.4
      '@firebase/logger': 0.5.1
      '@firebase/util': 1.15.2
      tslib: 2.8.1

  '@firebase/analytics-compat@0.2.29(@firebase/app-compat@0.5.16)(@firebase/app@0.16.0)':
    dependencies:
      '@firebase/analytics': 0.10.23(@firebase/app@0.16.0)
      '@firebase/analytics-types': 0.8.4
      '@firebase/app': 0.16.0
      '@firebase/app-compat': 0.5.16
      '@firebase/component': 0.7.4
      '@firebase/util': 1.15.2
      tslib: 2.8.1

  '@firebase/analytics-types@0.8.4': {}

  '@firebase/analytics@0.10.23(@firebase/app@0.16.0)':
    dependencies:
      '@firebase/app': 0.16.0
      '@firebase/component': 0.7.4
      '@firebase/installations': 0.6.23(@firebase/app@0.16.0)
      '@firebase/logger': 0.5.1
      '@firebase/util': 1.15.2
      tslib: 2.8.1

  '@firebase/app-check-compat@0.4.6(@firebase/app-compat@0.5.16)(@firebase/app@0.16.0)':
    dependencies:
      '@firebase/app': 0.16.0
      '@firebase/app-check': 0.13.0(@firebase/app@0.16.0)
      '@firebase/app-check-types': 0.5.4
      '@firebase/app-compat': 0.5.16
      '@firebase/component': 0.7.4
      '@firebase/logger': 0.5.1
      '@firebase/util': 1.15.2
      tslib: 2.8.1

  '@firebase/app-check-interop-types@0.3.4': {}

  '@firebase/app-check-types@0.5.4': {}

  '@firebase/app-check@0.13.0(@firebase/app@0.16.0)':
    dependencies:
      '@firebase/app': 0.16.0
      '@firebase/component': 0.7.4
      '@firebase/logger': 0.5.1
      '@firebase/util': 1.15.2
      tslib: 2.8.1

  '@firebase/app-compat@0.5.16':
    dependencies:
      '@firebase/app': 0.16.0
      '@firebase/component': 0.7.4
      '@firebase/logger': 0.5.1
      '@firebase/util': 1.15.2
      tslib: 2.8.1

  '@firebase/app-types@0.9.5':
    dependencies:
      '@firebase/logger': 0.5.1

  '@firebase/app@0.16.0':
    dependencies:
      '@firebase/component': 0.7.4
      '@firebase/logger': 0.5.1
      '@firebase/util': 1.15.2
      idb: 7.1.1
      tslib: 2.8.1

  '@firebase/auth-compat@0.6.9(@firebase/app-compat@0.5.16)(@firebase/app-types@0.9.5)(@firebase/app@0.16.0)':
    dependencies:
      '@firebase/app': 0.16.0
      '@firebase/app-compat': 0.5.16
      '@firebase/auth': 1.13.4(@firebase/app@0.16.0)
      '@firebase/auth-types': 0.13.1(@firebase/app-types@0.9.5)(@firebase/util@1.15.2)
      '@firebase/component': 0.7.4
      '@firebase/util': 1.15.2
      tslib: 2.8.1
    transitivePeerDependencies:
      - '@firebase/app-types'
      - '@react-native-async-storage/async-storage'

  '@firebase/auth-interop-types@0.2.5': {}

  '@firebase/auth-types@0.13.1(@firebase/app-types@0.9.5)(@firebase/util@1.15.2)':
    dependencies:
      '@firebase/app-types': 0.9.5
      '@firebase/util': 1.15.2

  '@firebase/auth@1.13.4(@firebase/app@0.16.0)':
    dependencies:
      '@firebase/app': 0.16.0
      '@firebase/component': 0.7.4
      '@firebase/logger': 0.5.1
      '@firebase/util': 1.15.2
      tslib: 2.8.1

  '@firebase/component@0.7.4':
    dependencies:
      '@firebase/util': 1.15.2
      tslib: 2.8.1

  '@firebase/data-connect@0.7.3(@firebase/app@0.16.0)':
    dependencies:
      '@firebase/app': 0.16.0
      '@firebase/auth-interop-types': 0.2.5
      '@firebase/component': 0.7.4
      '@firebase/logger': 0.5.1
      '@firebase/util': 1.15.2
      tslib: 2.8.1

  '@firebase/database-compat@2.1.6(@firebase/app-compat@0.5.16)(@firebase/app@0.16.0)':
    dependencies:
      '@firebase/component': 0.7.4
      '@firebase/database': 1.1.4
      '@firebase/database-types': 1.0.21
      '@firebase/logger': 0.5.1
      '@firebase/util': 1.15.2
      tslib: 2.8.1
    optionalDependencies:
      '@firebase/app': 0.16.0
      '@firebase/app-compat': 0.5.16

  '@firebase/database-types@1.0.21':
    dependencies:
      '@firebase/app-types': 0.9.5
      '@firebase/util': 1.15.2

  '@firebase/database@1.1.4':
    dependencies:
      '@firebase/app-check-interop-types': 0.3.4
      '@firebase/auth-interop-types': 0.2.5
      '@firebase/component': 0.7.4
      '@firebase/logger': 0.5.1
      '@firebase/util': 1.15.2
      faye-websocket: 0.11.4
      tslib: 2.8.1

  '@firebase/firestore-compat@0.4.12(@firebase/app-compat@0.5.16)(@firebase/app-types@0.9.5)(@firebase/app@0.16.0)':
    dependencies:
      '@firebase/app': 0.16.0
      '@firebase/app-compat': 0.5.16
      '@firebase/component': 0.7.4
      '@firebase/firestore': 4.17.0(@firebase/app@0.16.0)
      '@firebase/firestore-types': 3.0.4(@firebase/app-types@0.9.5)(@firebase/util@1.15.2)
      '@firebase/util': 1.15.2
      tslib: 2.8.1
    transitivePeerDependencies:
      - '@firebase/app-types'

  '@firebase/firestore-types@3.0.4(@firebase/app-types@0.9.5)(@firebase/util@1.15.2)':
    dependencies:
      '@firebase/app-types': 0.9.5
      '@firebase/util': 1.15.2

  '@firebase/firestore@4.17.0(@firebase/app@0.16.0)':
    dependencies:
      '@firebase/app': 0.16.0
      '@firebase/component': 0.7.4
      '@firebase/logger': 0.5.1
      '@firebase/util': 1.15.2
      '@firebase/webchannel-wrapper': 1.0.6
      '@grpc/grpc-js': 1.9.16
      '@grpc/proto-loader': 0.7.15
      re2js: 2.8.6
      tslib: 2.8.1

  '@firebase/functions-compat@0.4.6(@firebase/app-compat@0.5.16)(@firebase/app@0.16.0)':
    dependencies:
      '@firebase/app': 0.16.0
      '@firebase/app-compat': 0.5.16
      '@firebase/component': 0.7.4
      '@firebase/functions': 0.13.6(@firebase/app@0.16.0)
      '@firebase/functions-types': 0.6.4
      '@firebase/util': 1.15.2
      tslib: 2.8.1

  '@firebase/functions-types@0.6.4': {}

  '@firebase/functions@0.13.6(@firebase/app@0.16.0)':
    dependencies:
      '@firebase/app': 0.16.0
      '@firebase/app-check-interop-types': 0.3.4
      '@firebase/auth-interop-types': 0.2.5
      '@firebase/component': 0.7.4
      '@firebase/messaging-interop-types': 0.2.5
      '@firebase/util': 1.15.2
      tslib: 2.8.1

  '@firebase/installations-compat@0.2.23(@firebase/app-compat@0.5.16)(@firebase/app-types@0.9.5)(@firebase/app@0.16.0)':
    dependencies:
      '@firebase/app': 0.16.0
      '@firebase/app-compat': 0.5.16
      '@firebase/component': 0.7.4
      '@firebase/installations': 0.6.23(@firebase/app@0.16.0)
      '@firebase/installations-types': 0.5.4(@firebase/app-types@0.9.5)
      '@firebase/util': 1.15.2
      tslib: 2.8.1
    transitivePeerDependencies:
      - '@firebase/app-types'

  '@firebase/installations-types@0.5.4(@firebase/app-types@0.9.5)':
    dependencies:
      '@firebase/app-types': 0.9.5

  '@firebase/installations@0.6.23(@firebase/app@0.16.0)':
    dependencies:
      '@firebase/app': 0.16.0
      '@firebase/component': 0.7.4
      '@firebase/util': 1.15.2
      idb: 7.1.1
      tslib: 2.8.1

  '@firebase/logger@0.5.1':
    dependencies:
      tslib: 2.8.1

  '@firebase/messaging-compat@0.2.28(@firebase/app-compat@0.5.16)(@firebase/app@0.16.0)':
    dependencies:
      '@firebase/app': 0.16.0
      '@firebase/app-compat': 0.5.16
      '@firebase/component': 0.7.4
      '@firebase/messaging': 0.13.1(@firebase/app@0.16.0)
      '@firebase/util': 1.15.2
      tslib: 2.8.1

  '@firebase/messaging-interop-types@0.2.5': {}

  '@firebase/messaging@0.13.1(@firebase/app@0.16.0)':
    dependencies:
      '@firebase/app': 0.16.0
      '@firebase/component': 0.7.4
      '@firebase/installations': 0.6.23(@firebase/app@0.16.0)
      '@firebase/messaging-interop-types': 0.2.5
      '@firebase/util': 1.15.2
      idb: 7.1.1
      tslib: 2.8.1

  '@firebase/performance-compat@0.2.26(@firebase/app-compat@0.5.16)(@firebase/app@0.16.0)':
    dependencies:
      '@firebase/app': 0.16.0
      '@firebase/app-compat': 0.5.16
      '@firebase/component': 0.7.4
      '@firebase/logger': 0.5.1
      '@firebase/performance': 0.7.13(@firebase/app@0.16.0)
      '@firebase/performance-types': 0.2.4
      '@firebase/util': 1.15.2
      tslib: 2.8.1

  '@firebase/performance-types@0.2.4': {}

  '@firebase/performance@0.7.13(@firebase/app@0.16.0)':
    dependencies:
      '@firebase/app': 0.16.0
      '@firebase/component': 0.7.4
      '@firebase/installations': 0.6.23(@firebase/app@0.16.0)
      '@firebase/logger': 0.5.1
      '@firebase/util': 1.15.2
      tslib: 2.8.1
      web-vitals: 4.2.4

  '@firebase/remote-config-compat@0.2.28(@firebase/app-compat@0.5.16)(@firebase/app@0.16.0)':
    dependencies:
      '@firebase/app': 0.16.0
      '@firebase/app-compat': 0.5.16
      '@firebase/component': 0.7.4
      '@firebase/logger': 0.5.1
      '@firebase/remote-config': 0.9.1(@firebase/app@0.16.0)
      '@firebase/remote-config-types': 0.5.1
      '@firebase/util': 1.15.2
      tslib: 2.8.1

  '@firebase/remote-config-types@0.5.1': {}

  '@firebase/remote-config@0.9.1(@firebase/app@0.16.0)':
    dependencies:
      '@firebase/app': 0.16.0
      '@firebase/component': 0.7.4
      '@firebase/installations': 0.6.23(@firebase/app@0.16.0)
      '@firebase/logger': 0.5.1
      '@firebase/util': 1.15.2
      tslib: 2.8.1

  '@firebase/rules-unit-testing@5.0.1(firebase@12.17.1)':
    dependencies:
      firebase: 12.17.1

  '@firebase/storage-compat@0.4.4(@firebase/app-compat@0.5.16)(@firebase/app-types@0.9.5)(@firebase/app@0.16.0)':
    dependencies:
      '@firebase/app': 0.16.0
      '@firebase/app-compat': 0.5.16
      '@firebase/component': 0.7.4
      '@firebase/storage': 0.14.4(@firebase/app@0.16.0)
      '@firebase/storage-types': 0.8.4(@firebase/app-types@0.9.5)(@firebase/util@1.15.2)
      '@firebase/util': 1.15.2
      tslib: 2.8.1
    transitivePeerDependencies:
      - '@firebase/app-types'

  '@firebase/storage-types@0.8.4(@firebase/app-types@0.9.5)(@firebase/util@1.15.2)':
    dependencies:
      '@firebase/app-types': 0.9.5
      '@firebase/util': 1.15.2

  '@firebase/storage@0.14.4(@firebase/app@0.16.0)':
    dependencies:
      '@firebase/app': 0.16.0
      '@firebase/component': 0.7.4
      '@firebase/util': 1.15.2
      tslib: 2.8.1

  '@firebase/util@1.15.2':
    dependencies:
      tslib: 2.8.1

  '@firebase/webchannel-wrapper@1.0.6': {}

  '@grpc/grpc-js@1.9.16':
    dependencies:
      '@grpc/proto-loader': 0.7.15
      '@types/node': 26.2.0

  '@grpc/proto-loader@0.7.15':
    dependencies:
      lodash.camelcase: 4.3.0
      long: 5.3.2
      protobufjs: 7.6.5
      yargs: 17.7.3

  '@protobufjs/aspromise@1.1.2': {}

  '@protobufjs/base64@1.1.2': {}

  '@protobufjs/codegen@2.0.5': {}

  '@protobufjs/eventemitter@1.1.1': {}

  '@protobufjs/fetch@1.1.1':
    dependencies:
      '@protobufjs/aspromise': 1.1.2

  '@protobufjs/float@1.0.2': {}

  '@protobufjs/path@1.1.2': {}

  '@protobufjs/pool@1.1.0': {}

  '@protobufjs/utf8@1.1.2': {}

  '@types/node@26.2.0':
    dependencies:
      undici-types: 8.3.0

  ansi-regex@5.0.1: {}

  ansi-styles@4.3.0:
    dependencies:
      color-convert: 2.0.1

  cliui@8.0.1:
    dependencies:
      string-width: 4.2.3
      strip-ansi: 6.0.1
      wrap-ansi: 7.0.0

  color-convert@2.0.1:
    dependencies:
      color-name: 1.1.4

  color-name@1.1.4: {}

  emoji-regex@8.0.0: {}

  escalade@3.2.0: {}

  faye-websocket@0.11.4:
    dependencies:
      websocket-driver: 0.7.5

  firebase@12.17.1:
    dependencies:
      '@firebase/ai': 2.14.0(@firebase/app-types@0.9.5)(@firebase/app@0.16.0)
      '@firebase/analytics': 0.10.23(@firebase/app@0.16.0)
      '@firebase/analytics-compat': 0.2.29(@firebase/app-compat@0.5.16)(@firebase/app@0.16.0)
      '@firebase/app': 0.16.0
      '@firebase/app-check': 0.13.0(@firebase/app@0.16.0)
      '@firebase/app-check-compat': 0.4.6(@firebase/app-compat@0.5.16)(@firebase/app@0.16.0)
      '@firebase/app-compat': 0.5.16
      '@firebase/app-types': 0.9.5
      '@firebase/auth': 1.13.4(@firebase/app@0.16.0)
      '@firebase/auth-compat': 0.6.9(@firebase/app-compat@0.5.16)(@firebase/app-types@0.9.5)(@firebase/app@0.16.0)
      '@firebase/data-connect': 0.7.3(@firebase/app@0.16.0)
      '@firebase/database': 1.1.4
      '@firebase/database-compat': 2.1.6(@firebase/app-compat@0.5.16)(@firebase/app@0.16.0)
      '@firebase/firestore': 4.17.0(@firebase/app@0.16.0)
      '@firebase/firestore-compat': 0.4.12(@firebase/app-compat@0.5.16)(@firebase/app-types@0.9.5)(@firebase/app@0.16.0)
      '@firebase/functions': 0.13.6(@firebase/app@0.16.0)
      '@firebase/functions-compat': 0.4.6(@firebase/app-compat@0.5.16)(@firebase/app@0.16.0)
      '@firebase/installations': 0.6.23(@firebase/app@0.16.0)
      '@firebase/installations-compat': 0.2.23(@firebase/app-compat@0.5.16)(@firebase/app-types@0.9.5)(@firebase/app@0.16.0)
      '@firebase/messaging': 0.13.1(@firebase/app@0.16.0)
      '@firebase/messaging-compat': 0.2.28(@firebase/app-compat@0.5.16)(@firebase/app@0.16.0)
      '@firebase/performance': 0.7.13(@firebase/app@0.16.0)
      '@firebase/performance-compat': 0.2.26(@firebase/app-compat@0.5.16)(@firebase/app@0.16.0)
      '@firebase/remote-config': 0.9.1(@firebase/app@0.16.0)
      '@firebase/remote-config-compat': 0.2.28(@firebase/app-compat@0.5.16)(@firebase/app@0.16.0)
      '@firebase/storage': 0.14.4(@firebase/app@0.16.0)
      '@firebase/storage-compat': 0.4.4(@firebase/app-compat@0.5.16)(@firebase/app-types@0.9.5)(@firebase/app@0.16.0)
      '@firebase/util': 1.15.2
    transitivePeerDependencies:
      - '@react-native-async-storage/async-storage'

  get-caller-file@2.0.5: {}

  http-parser-js@0.5.10: {}

  idb@7.1.1: {}

  is-fullwidth-code-point@3.0.0: {}

  lodash.camelcase@4.3.0: {}

  long@5.3.2: {}

  protobufjs@7.6.5:
    dependencies:
      '@protobufjs/aspromise': 1.1.2
      '@protobufjs/base64': 1.1.2
      '@protobufjs/codegen': 2.0.5
      '@protobufjs/eventemitter': 1.1.1
      '@protobufjs/fetch': 1.1.1
      '@protobufjs/float': 1.0.2
      '@protobufjs/path': 1.1.2
      '@protobufjs/pool': 1.1.0
      '@protobufjs/utf8': 1.1.2
      '@types/node': 26.2.0
      long: 5.3.2

  re2js@2.8.6: {}

  require-directory@2.1.1: {}

  safe-buffer@5.2.1: {}

  string-width@4.2.3:
    dependencies:
      emoji-regex: 8.0.0
      is-fullwidth-code-point: 3.0.0
      strip-ansi: 6.0.1

  strip-ansi@6.0.1:
    dependencies:
      ansi-regex: 5.0.1

  tslib@2.8.1: {}

  undici-types@8.3.0: {}

  web-vitals@4.2.4: {}

  websocket-driver@0.7.5:
    dependencies:
      http-parser-js: 0.5.10
      safe-buffer: 5.2.1
      websocket-extensions: 0.1.4

  websocket-extensions@0.1.4: {}

  wrap-ansi@7.0.0:
    dependencies:
      ansi-styles: 4.3.0
      string-width: 4.2.3
      strip-ansi: 6.0.1

  y18n@5.0.8: {}

  yargs-parser@21.1.1: {}

  yargs@17.7.3:
    dependencies:
      cliui: 8.0.1
      escalade: 3.2.0
      get-caller-file: 2.0.5
      require-directory: 2.1.1
      string-width: 4.2.3
      y18n: 5.0.8
      yargs-parser: 21.1.1
