lockfileVersion: '9.0'

settings:
  autoInstallPeers: true
  excludeLinksFromLockfile: false

importers:

  .:
    devDependencies:
      '@figma/plugin-typings':
        specifier: ^1.64.0
        version: 1.123.0
      typescript:
        specifier: ^6.0.3
        version: 6.0.3

packages:

  '@figma/plugin-typings@1.123.0':
    resolution: {integrity: sha512-NLv2aQ8R9dP5psDplWpq+pJxRUGsJ1YEYYbBV2oTd03kS+aau7N9XWLjw52s1uVgi8jQ33N001EX3f7vSCztjQ==}

  typescript@6.0.3:
    resolution: {integrity: sha512-y2TvuxSZPDyQakkFRPZHKFm+KKVqIisdg9/CZwm9ftvKXLP8NRWj38/ODjNbr43SsoXqNuAisEf1GdCxqWcdBw==}
    engines: {node: '>=14.17'}
    hasBin: true

snapshots:

  '@figma/plugin-typings@1.123.0': {}

  typescript@6.0.3: {}
