lockfileVersion: '9.0'

settings:
  autoInstallPeers: true
  excludeLinksFromLockfile: false

importers:

  .:
    devDependencies:
      '@figma/plugin-typings':
        specifier: ^1.129.0
        version: 1.129.0
      typescript:
        specifier: ^6.0.3
        version: 6.0.3

packages:

  '@figma/plugin-typings@1.129.0':
    resolution: {integrity: sha512-LW3UhslmR0QMPwvycDhxLGh3ACjb4Ebh1MjSG5PnyYlmJiOVQ/I+98XLyEtJSXbeGs3DDiJxGuu8Xa+PBoon4w==}

  typescript@6.0.3:
    resolution: {integrity: sha512-y2TvuxSZPDyQakkFRPZHKFm+KKVqIisdg9/CZwm9ftvKXLP8NRWj38/ODjNbr43SsoXqNuAisEf1GdCxqWcdBw==}
    engines: {node: '>=14.17'}
    hasBin: true

snapshots:

  '@figma/plugin-typings@1.129.0': {}

  typescript@6.0.3: {}
